
Microsoft Visual Studio Solution File, Format Version 12.00
# Visual Studio Version 16
VisualStudioVersion = 16.0.30011.22
MinimumVisualStudioVersion = 10.0.40219.1
Project("{FAE04EC0-301F-11D3-BF4B-00C04F79EFBC}") = "Database4", "Database4\Database4.csproj", "{9CBCDE1D-DE46-46A3-9BE9-B59D152A23EE}"
EndProject
Global
	GlobalSection(SolutionConfigurationPlatforms) = preSolution
		Debug|Any CPU = Debug|Any CPU
		Release|Any CPU = Release|Any CPU
	EndGlobalSection
	GlobalSection(ProjectConfigurationPlatforms) = postSolution
		{9CBCDE1D-DE46-46A3-9BE9-B59D152A23EE}.Debug|Any CPU.ActiveCfg = Debug|Any CPU
		{9CBCDE1D-DE46-46A3-9BE9-B59D152A23EE}.Debug|Any CPU.Build.0 = Debug|Any CPU
		{9CBCDE1D-DE46-46A3-9BE9-B59D152A23EE}.Release|Any CPU.ActiveCfg = Release|Any CPU
		{9CBCDE1D-DE46-46A3-9BE9-B59D152A23EE}.Release|Any CPU.Build.0 = Release|Any CPU
	EndGlobalSection
	GlobalSection(SolutionProperties) = preSolution
		HideSolutionNode = FALSE
	EndGlobalSection
	GlobalSection(ExtensibilityGlobals) = postSolution
		SolutionGuid = {928191DB-777C-4349-B000-89C3808976EA}
	EndGlobalSection
EndGlobal
